
Microsoft Visual Studio Solution File, Format Version 12.00
# Visual Studio Express 2012 for Web
Project("{F2A71F9B-5D33-465A-A702-920D77279786}") = "Index", "Index\Index.fsproj", "{824F1EC8-8778-4101-BFFA-92DC9895EDD3}"
EndProject
Project("{2150E333-8FDC-42A3-9474-1A3956D46DE8}") = ".nuget", ".nuget", "{BFEE6F90-6FC5-4C8A-81ED-A3DFA567781C}"
	ProjectSection(SolutionItems) = preProject
		.nuget\NuGet.Config = .nuget\NuGet.Config
		.nuget\NuGet.exe = .nuget\NuGet.exe
		.nuget\NuGet.targets = .nuget\NuGet.targets
	EndProjectSection
EndProject
Project("{F2A71F9B-5D33-465A-A702-920D77279786}") = "Sitelet", "Sitelet\Sitelet.fsproj", "{B277E3E8-E719-4ACB-A629-49D093A13497}"
EndProject
Project("{FAE04EC0-301F-11D3-BF4B-00C04F79EFBC}") = "RFun", "RFun\RFun.csproj", "{E0500AA1-0020-4B9E-A823-618F90412FFA}"
	ProjectSection(ProjectDependencies) = postProject
		{B277E3E8-E719-4ACB-A629-49D093A13497} = {B277E3E8-E719-4ACB-A629-49D093A13497}
	EndProjectSection
EndProject
Global
	GlobalSection(SolutionConfigurationPlatforms) = preSolution
		Debug|Any CPU = Debug|Any CPU
		Release|Any CPU = Release|Any CPU
	EndGlobalSection
	GlobalSection(ProjectConfigurationPlatforms) = postSolution
		{824F1EC8-8778-4101-BFFA-92DC9895EDD3}.Debug|Any CPU.ActiveCfg = Debug|Any CPU
		{824F1EC8-8778-4101-BFFA-92DC9895EDD3}.Debug|Any CPU.Build.0 = Debug|Any CPU
		{824F1EC8-8778-4101-BFFA-92DC9895EDD3}.Release|Any CPU.ActiveCfg = Release|Any CPU
		{824F1EC8-8778-4101-BFFA-92DC9895EDD3}.Release|Any CPU.Build.0 = Release|Any CPU
		{B277E3E8-E719-4ACB-A629-49D093A13497}.Debug|Any CPU.ActiveCfg = Debug|Any CPU
		{B277E3E8-E719-4ACB-A629-49D093A13497}.Debug|Any CPU.Build.0 = Debug|Any CPU
		{B277E3E8-E719-4ACB-A629-49D093A13497}.Release|Any CPU.ActiveCfg = Release|Any CPU
		{B277E3E8-E719-4ACB-A629-49D093A13497}.Release|Any CPU.Build.0 = Release|Any CPU
		{E0500AA1-0020-4B9E-A823-618F90412FFA}.Debug|Any CPU.ActiveCfg = Release|Any CPU
		{E0500AA1-0020-4B9E-A823-618F90412FFA}.Debug|Any CPU.Build.0 = Release|Any CPU
		{E0500AA1-0020-4B9E-A823-618F90412FFA}.Release|Any CPU.ActiveCfg = Release|Any CPU
		{E0500AA1-0020-4B9E-A823-618F90412FFA}.Release|Any CPU.Build.0 = Release|Any CPU
	EndGlobalSection
	GlobalSection(SolutionProperties) = preSolution
		HideSolutionNode = FALSE
	EndGlobalSection
EndGlobal
